
Microsoft Visual Studio Solution File, Format Version 9.00
# Visual Studio 2005
Project("{FAE04EC0-301F-11D3-BF4B-00C04F79EFBC}") = "Create Message Body Part Component", "Create Message BodyPart Component\Create Message Body Part Component.csproj", "{E69E9E24-B521-43F6-907E-6EFFF2531A83}"
	ProjectSection(WebsiteProperties) = preProject
		Debug.AspNetCompiler.Debug = "True"
		Release.AspNetCompiler.Debug = "False"
	EndProjectSection
EndProject
Project("{FAE04EC0-301F-11D3-BF4B-00C04F79EFBC}") = "Create Message Body Part Component Tests", "Create Message BodyPart Component Tests\Create Message Body Part Component Tests.csproj", "{F5D2FB00-A247-49EE-929A-FEB79FA44ACB}"
	ProjectSection(WebsiteProperties) = preProject
		Debug.AspNetCompiler.Debug = "True"
		Release.AspNetCompiler.Debug = "False"
	EndProjectSection
EndProject
Global
	GlobalSection(SolutionConfigurationPlatforms) = preSolution
		Debug|Any CPU = Debug|Any CPU
		Release|Any CPU = Release|Any CPU
	EndGlobalSection
	GlobalSection(ProjectConfigurationPlatforms) = postSolution
		{E69E9E24-B521-43F6-907E-6EFFF2531A83}.Debug|Any CPU.ActiveCfg = Debug|Any CPU
		{E69E9E24-B521-43F6-907E-6EFFF2531A83}.Debug|Any CPU.Build.0 = Debug|Any CPU
		{E69E9E24-B521-43F6-907E-6EFFF2531A83}.Release|Any CPU.ActiveCfg = Release|Any CPU
		{E69E9E24-B521-43F6-907E-6EFFF2531A83}.Release|Any CPU.Build.0 = Release|Any CPU
		{F5D2FB00-A247-49EE-929A-FEB79FA44ACB}.Debug|Any CPU.ActiveCfg = Debug|Any CPU
		{F5D2FB00-A247-49EE-929A-FEB79FA44ACB}.Debug|Any CPU.Build.0 = Debug|Any CPU
		{F5D2FB00-A247-49EE-929A-FEB79FA44ACB}.Release|Any CPU.ActiveCfg = Release|Any CPU
		{F5D2FB00-A247-49EE-929A-FEB79FA44ACB}.Release|Any CPU.Build.0 = Release|Any CPU
	EndGlobalSection
	GlobalSection(SolutionProperties) = preSolution
		HideSolutionNode = FALSE
	EndGlobalSection
EndGlobal
